
Microsoft Visual Studio Solution File, Format Version 12.00
# Visual Studio Version 17
VisualStudioVersion = 17.9.34622.214
MinimumVisualStudioVersion = 10.0.40219.1
Project("{9A19103F-16F7-4668-BE54-9A1E7A4F7556}") = "EaApplicationTest", "EaApplicationTest.csproj", "{6AE44C83-FEE6-41EB-9BFC-8AA1A0E44663}"
EndProject
Global
	GlobalSection(SolutionConfigurationPlatforms) = preSolution
		Debug|Any CPU = Debug|Any CPU
		Release|Any CPU = Release|Any CPU
	EndGlobalSection
	GlobalSection(ProjectConfigurationPlatforms) = postSolution
		{6AE44C83-FEE6-41EB-9BFC-8AA1A0E44663}.Debug|Any CPU.ActiveCfg = Debug|Any CPU
		{6AE44C83-FEE6-41EB-9BFC-8AA1A0E44663}.Debug|Any CPU.Build.0 = Debug|Any CPU
		{6AE44C83-FEE6-41EB-9BFC-8AA1A0E44663}.Release|Any CPU.ActiveCfg = Release|Any CPU
		{6AE44C83-FEE6-41EB-9BFC-8AA1A0E44663}.Release|Any CPU.Build.0 = Release|Any CPU
	EndGlobalSection
	GlobalSection(SolutionProperties) = preSolution
		HideSolutionNode = FALSE
	EndGlobalSection
	GlobalSection(ExtensibilityGlobals) = postSolution
		SolutionGuid = {462F684C-BF60-4434-A001-F85D2A50EDC1}
	EndGlobalSection
EndGlobal
